
Microsoft Visual Studio Solution File, Format Version 12.00
# Visual Studio 15
VisualStudioVersion = 15.0.28307.168
MinimumVisualStudioVersion = 10.0.40219.1
Project("{FAE04EC0-301F-11D3-BF4B-00C04F79EFBC}") = "TestNetFramework", "TestNetFramework\TestNetFramework.csproj", "{A39477CC-153F-4254-9EAE-B98F2D2075A0}"
EndProject
Project("{9A19103F-16F7-4668-BE54-9A1E7A4F7556}") = "Caching", "Caching\Caching.csproj", "{9B2CBDA2-B294-4858-87D4-B0B342E17D72}"
EndProject
Project("{FAE04EC0-301F-11D3-BF4B-00C04F79EFBC}") = "TestNetCore", "TestNetCore\TestNetCore.csproj", "{8DC9CED3-FEA7-436D-AB01-AB4D80FC8E19}"
EndProject
Global
	GlobalSection(SolutionConfigurationPlatforms) = preSolution
		Debug|Any CPU = Debug|Any CPU
		Release|Any CPU = Release|Any CPU
	EndGlobalSection
	GlobalSection(ProjectConfigurationPlatforms) = postSolution
		{A39477CC-153F-4254-9EAE-B98F2D2075A0}.Debug|Any CPU.ActiveCfg = Debug|Any CPU
		{A39477CC-153F-4254-9EAE-B98F2D2075A0}.Debug|Any CPU.Build.0 = Debug|Any CPU
		{A39477CC-153F-4254-9EAE-B98F2D2075A0}.Release|Any CPU.ActiveCfg = Release|Any CPU
		{A39477CC-153F-4254-9EAE-B98F2D2075A0}.Release|Any CPU.Build.0 = Release|Any CPU
		{9B2CBDA2-B294-4858-87D4-B0B342E17D72}.Debug|Any CPU.ActiveCfg = Debug|Any CPU
		{9B2CBDA2-B294-4858-87D4-B0B342E17D72}.Debug|Any CPU.Build.0 = Debug|Any CPU
		{9B2CBDA2-B294-4858-87D4-B0B342E17D72}.Release|Any CPU.ActiveCfg = Release|Any CPU
		{9B2CBDA2-B294-4858-87D4-B0B342E17D72}.Release|Any CPU.Build.0 = Release|Any CPU
		{8DC9CED3-FEA7-436D-AB01-AB4D80FC8E19}.Debug|Any CPU.ActiveCfg = Debug|Any CPU
		{8DC9CED3-FEA7-436D-AB01-AB4D80FC8E19}.Debug|Any CPU.Build.0 = Debug|Any CPU
		{8DC9CED3-FEA7-436D-AB01-AB4D80FC8E19}.Release|Any CPU.ActiveCfg = Release|Any CPU
		{8DC9CED3-FEA7-436D-AB01-AB4D80FC8E19}.Release|Any CPU.Build.0 = Release|Any CPU
	EndGlobalSection
	GlobalSection(SolutionProperties) = preSolution
		HideSolutionNode = FALSE
	EndGlobalSection
	GlobalSection(ExtensibilityGlobals) = postSolution
		SolutionGuid = {2FDBE0D3-8434-4A2A-B615-685A4BCA4D2C}
	EndGlobalSection
EndGlobal
