
Microsoft Visual Studio Solution File, Format Version 12.00
# Visual Studio 14
VisualStudioVersion = 14.0.23107.0
MinimumVisualStudioVersion = 10.0.40219.1
Project("{FAE04EC0-301F-11D3-BF4B-00C04F79EFBC}") = "Caching", "Caching\Caching.csproj", "{81AE091F-9099-4D89-9640-759B0D5E3C30}"
EndProject
Project("{FAE04EC0-301F-11D3-BF4B-00C04F79EFBC}") = "CachingTest", "CachingTest\CachingTest.csproj", "{A39477CC-153F-4254-9EAE-B98F2D2075A0}"
EndProject
Global
	GlobalSection(SolutionConfigurationPlatforms) = preSolution
		Debug|Any CPU = Debug|Any CPU
		Release|Any CPU = Release|Any CPU
	EndGlobalSection
	GlobalSection(ProjectConfigurationPlatforms) = postSolution
		{81AE091F-9099-4D89-9640-759B0D5E3C30}.Debug|Any CPU.ActiveCfg = Debug|Any CPU
		{81AE091F-9099-4D89-9640-759B0D5E3C30}.Debug|Any CPU.Build.0 = Debug|Any CPU
		{81AE091F-9099-4D89-9640-759B0D5E3C30}.Release|Any CPU.ActiveCfg = Release|Any CPU
		{81AE091F-9099-4D89-9640-759B0D5E3C30}.Release|Any CPU.Build.0 = Release|Any CPU
		{A39477CC-153F-4254-9EAE-B98F2D2075A0}.Debug|Any CPU.ActiveCfg = Debug|Any CPU
		{A39477CC-153F-4254-9EAE-B98F2D2075A0}.Debug|Any CPU.Build.0 = Debug|Any CPU
		{A39477CC-153F-4254-9EAE-B98F2D2075A0}.Release|Any CPU.ActiveCfg = Release|Any CPU
		{A39477CC-153F-4254-9EAE-B98F2D2075A0}.Release|Any CPU.Build.0 = Release|Any CPU
	EndGlobalSection
	GlobalSection(SolutionProperties) = preSolution
		HideSolutionNode = FALSE
	EndGlobalSection
EndGlobal
